dependencies:
  espressif/arduino-foc:
    dependencies: []
    source:
      path: /home/flori/Documents/hapcor/super-dial-motor-knob-screen/idf_code/components/espressif__arduino-foc
      type: local
    version: 2.3.0~3
  espressif/button:
    dependencies: []
    source:
      path: /home/flori/Documents/hapcor/super-dial-motor-knob-screen/idf_code/components/espressif__button
      type: local
    version: 3.2.0
  espressif/cmake_utilities:
    component_hash: 351350613ceafba240b761b4ea991e0f231ac7a9f59a9ee901f751bddc0bb18f
    dependencies:
    - name: idf
      require: private
      version: '>=4.1'
    source:
      registry_url: https://components.espressif.com/
      type: service
    version: 0.5.3
  espressif/esp_lcd_gc9a01:
    dependencies: []
    source:
      path: /home/flori/Documents/hapcor/super-dial-motor-knob-screen/idf_code/components/espressif__esp_lcd_gc9a01
      type: local
    version: 2.0.0
  espressif/esp_lvgl_port:
    dependencies: []
    source:
      path: /home/flori/Documents/hapcor/super-dial-motor-knob-screen/idf_code/components/espressif__esp_lvgl_port
      type: local
    version: 1.4.0
  espressif/esp_simplefoc:
    dependencies: []
    source:
      path: /home/flori/Documents/hapcor/super-dial-motor-knob-screen/idf_code/components/espressif__esp_simplefoc
      type: local
    version: 0.1.1
  espressif/iqmath:
    component_hash: 407d5bc3fd358a73d2b09982918ab508b4e804cc547942c5979d226be86b7e75
    dependencies:
    - name: idf
      require: private
      version: '>=4.4'
    source:
      registry_url: https://components.espressif.com/
      type: service
    version: 1.11.0
  espressif/tinyusb:
    dependencies: []
    source:
      path: /home/flori/Documents/hapcor/super-dial-motor-knob-screen/idf_code/components/espressif__tinyusb
      type: local
    version: 0.15.0~5
  idf:
    source:
      type: idf
    version: 5.2.0
  lvgl/lvgl:
    component_hash: d7c1ac037ae6e85d94897f807d6e7ba0946a83e720074fc95a4f6241da9f9f53
    dependencies: []
    source:
      registry_url: https://components.espressif.com/
      type: service
    version: 8.4.0
direct_dependencies:
- espressif/arduino-foc
- espressif/button
- espressif/cmake_utilities
- espressif/esp_lcd_gc9a01
- espressif/esp_lvgl_port
- espressif/esp_simplefoc
- espressif/iqmath
- espressif/tinyusb
- idf
- lvgl/lvgl
manifest_hash: d9357c77435dd58ca00770126ca5e06fe1c213a36dbfa7091c0e8389c0df43cf
target: esp32s3
version: 2.0.0
